// !$*UTF8*$!
{
	archiveVersion = 1;
	classes = {
	};
	objectVersion = 46;
	objects = {

/* Begin PBXBuildFile section */
		0426665C16700CB70059550E /* 1.png in Resources */ = {isa = PBXBuildFile; fileRef = 0426665B16700CB70059550E /* 1.png */; };
		0426665F16701DDD0059550E /* Model.xcdatamodeld in Sources */ = {isa = PBXBuildFile; fileRef = 0426665D16701DDD0059550E /* Model.xcdatamodeld */; };
		0426666216701EF20059550E /* Event.m in Sources */ = {isa = PBXBuildFile; fileRef = 0426666116701EF20059550E /* Event.m */; };
		042666BA167021F20059550E /* CoreData.framework in Frameworks */ = {isa = PBXBuildFile; fileRef = 042666B9167021F20059550E /* CoreData.framework */; };
		045DF10D1667361100F1B7AB /* UIKit.framework in Frameworks */ = {isa = PBXBuildFile; fileRef = 045DF10C1667361100F1B7AB /* UIKit.framework */; };
		045DF10F1667361100F1B7AB /* Foundation.framework in Frameworks */ = {isa = PBXBuildFile; fileRef = 045DF10E1667361100F1B7AB /* Foundation.framework */; };
		045DF1111667361100F1B7AB /* CoreGraphics.framework in Frameworks */ = {isa = PBXBuildFile; fileRef = 045DF1101667361100F1B7AB /* CoreGraphics.framework */; };
		045DF1171667361100F1B7AB /* InfoPlist.strings in Resources */ = {isa = PBXBuildFile; fileRef = 045DF1151667361100F1B7AB /* InfoPlist.strings */; };
		045DF1191667361100F1B7AB /* main.m in Sources */ = {isa = PBXBuildFile; fileRef = 045DF1181667361100F1B7AB /* main.m */; };
		045DF11D1667361100F1B7AB /* MINAppDelegate.m in Sources */ = {isa = PBXBuildFile; fileRef = 045DF11C1667361100F1B7AB /* MINAppDelegate.m */; };
		045DF11F1667361100F1B7AB /* Default.png in Resources */ = {isa = PBXBuildFile; fileRef = 045DF11E1667361100F1B7AB /* Default.png */; };
		045DF1211667361100F1B7AB /* Default@2x.png in Resources */ = {isa = PBXBuildFile; fileRef = 045DF1201667361100F1B7AB /* Default@2x.png */; };
		045DF1231667361100F1B7AB /* Default-568h@2x.png in Resources */ = {isa = PBXBuildFile; fileRef = 045DF1221667361100F1B7AB /* Default-568h@2x.png */; };
		045DF1261667361100F1B7AB /* MINFirstViewController.m in Sources */ = {isa = PBXBuildFile; fileRef = 045DF1251667361100F1B7AB /* MINFirstViewController.m */; };
		045DF1281667361100F1B7AB /* first.png in Resources */ = {isa = PBXBuildFile; fileRef = 045DF1271667361100F1B7AB /* first.png */; };
		045DF12A1667361200F1B7AB /* first@2x.png in Resources */ = {isa = PBXBuildFile; fileRef = 045DF1291667361200F1B7AB /* first@2x.png */; };
		045DF12D1667361200F1B7AB /* MINSecondViewController.m in Sources */ = {isa = PBXBuildFile; fileRef = 045DF12C1667361200F1B7AB /* MINSecondViewController.m */; };
		045DF12F1667361200F1B7AB /* second.png in Resources */ = {isa = PBXBuildFile; fileRef = 045DF12E1667361200F1B7AB /* second.png */; };
		045DF1311667361200F1B7AB /* second@2x.png in Resources */ = {isa = PBXBuildFile; fileRef = 045DF1301667361200F1B7AB /* second@2x.png */; };
		045DF1341667361200F1B7AB /* MINFirstViewController.xib in Resources */ = {isa = PBXBuildFile; fileRef = 045DF1321667361200F1B7AB /* MINFirstViewController.xib */; };
		045DF1371667361200F1B7AB /* MINSecondViewController.xib in Resources */ = {isa = PBXBuildFile; fileRef = 045DF1351667361200F1B7AB /* MINSecondViewController.xib */; };
		045DF1401667363000F1B7AB /* MINThirdViewController.m in Sources */ = {isa = PBXBuildFile; fileRef = 045DF13E1667363000F1B7AB /* MINThirdViewController.m */; };
		045DF1411667363000F1B7AB /* MINThirdViewController.xib in Resources */ = {isa = PBXBuildFile; fileRef = 045DF13F1667363000F1B7AB /* MINThirdViewController.xib */; };
		045DF14916673B8400F1B7AB /* MINNewClassViewController.m in Sources */ = {isa = PBXBuildFile; fileRef = 045DF14716673B8400F1B7AB /* MINNewClassViewController.m */; };
		045DF14A16673B8400F1B7AB /* MINNewClassViewController.xib in Resources */ = {isa = PBXBuildFile; fileRef = 045DF14816673B8400F1B7AB /* MINNewClassViewController.xib */; };
		C4CCE1F716742180008CA27A /* MagicalImportFunctions.m in Sources */ = {isa = PBXBuildFile; fileRef = C4CCE1BF16742180008CA27A /* MagicalImportFunctions.m */; };
		C4CCE1F816742180008CA27A /* NSAttributeDescription+MagicalDataImport.m in Sources */ = {isa = PBXBuildFile; fileRef = C4CCE1C116742180008CA27A /* NSAttributeDescription+MagicalDataImport.m */; };
		C4CCE1F916742180008CA27A /* NSEntityDescription+MagicalDataImport.m in Sources */ = {isa = PBXBuildFile; fileRef = C4CCE1C316742180008CA27A /* NSEntityDescription+MagicalDataImport.m */; };
		C4CCE1FA16742180008CA27A /* NSNumber+MagicalDataImport.m in Sources */ = {isa = PBXBuildFile; fileRef = C4CCE1C516742180008CA27A /* NSNumber+MagicalDataImport.m */; };
		C4CCE1FB16742180008CA27A /* NSObject+MagicalDataImport.m in Sources */ = {isa = PBXBuildFile; fileRef = C4CCE1C716742180008CA27A /* NSObject+MagicalDataImport.m */; };
		C4CCE1FC16742180008CA27A /* NSRelationshipDescription+MagicalDataImport.m in Sources */ = {isa = PBXBuildFile; fileRef = C4CCE1C916742180008CA27A /* NSRelationshipDescription+MagicalDataImport.m */; };
		C4CCE1FD16742180008CA27A /* NSString+MagicalDataImport.m in Sources */ = {isa = PBXBuildFile; fileRef = C4CCE1CB16742180008CA27A /* NSString+MagicalDataImport.m */; };
		C4CCE1FE16742180008CA27A /* NSManagedObject+MagicalAggregation.m in Sources */ = {isa = PBXBuildFile; fileRef = C4CCE1CE16742180008CA27A /* NSManagedObject+MagicalAggregation.m */; };
		C4CCE1FF16742180008CA27A /* NSManagedObject+MagicalDataImport.m in Sources */ = {isa = PBXBuildFile; fileRef = C4CCE1D016742180008CA27A /* NSManagedObject+MagicalDataImport.m */; };
		C4CCE20016742180008CA27A /* NSManagedObject+MagicalFinders.m in Sources */ = {isa = PBXBuildFile; fileRef = C4CCE1D216742180008CA27A /* NSManagedObject+MagicalFinders.m */; };
		C4CCE20116742180008CA27A /* NSManagedObject+MagicalRecord.m in Sources */ = {isa = PBXBuildFile; fileRef = C4CCE1D416742180008CA27A /* NSManagedObject+MagicalRecord.m */; };
		C4CCE20216742180008CA27A /* NSManagedObject+MagicalRequests.m in Sources */ = {isa = PBXBuildFile; fileRef = C4CCE1D616742180008CA27A /* NSManagedObject+MagicalRequests.m */; };
		C4CCE20316742180008CA27A /* NSManagedObjectContext+MagicalObserving.m in Sources */ = {isa = PBXBuildFile; fileRef = C4CCE1D916742180008CA27A /* NSManagedObjectContext+MagicalObserving.m */; };
		C4CCE20416742180008CA27A /* NSManagedObjectContext+MagicalRecord.m in Sources */ = {isa = PBXBuildFile; fileRef = C4CCE1DB16742180008CA27A /* NSManagedObjectContext+MagicalRecord.m */; };
		C4CCE20516742180008CA27A /* NSManagedObjectContext+MagicalSaves.m in Sources */ = {isa = PBXBuildFile; fileRef = C4CCE1DD16742180008CA27A /* NSManagedObjectContext+MagicalSaves.m */; };
		C4CCE20616742180008CA27A /* NSManagedObjectContext+MagicalThreading.m in Sources */ = {isa = PBXBuildFile; fileRef = C4CCE1DF16742180008CA27A /* NSManagedObjectContext+MagicalThreading.m */; };
		C4CCE20716742180008CA27A /* NSManagedObjectModel+MagicalRecord.m in Sources */ = {isa = PBXBuildFile; fileRef = C4CCE1E116742180008CA27A /* NSManagedObjectModel+MagicalRecord.m */; };
		C4CCE20816742180008CA27A /* NSPersistentStore+MagicalRecord.m in Sources */ = {isa = PBXBuildFile; fileRef = C4CCE1E316742180008CA27A /* NSPersistentStore+MagicalRecord.m */; };
		C4CCE20916742180008CA27A /* NSPersistentStoreCoordinator+MagicalRecord.m in Sources */ = {isa = PBXBuildFile; fileRef = C4CCE1E516742180008CA27A /* NSPersistentStoreCoordinator+MagicalRecord.m */; };
		C4CCE20A16742180008CA27A /* MagicalRecord+Actions.m in Sources */ = {isa = PBXBuildFile; fileRef = C4CCE1E816742180008CA27A /* MagicalRecord+Actions.m */; };
		C4CCE20B16742180008CA27A /* MagicalRecord+ErrorHandling.m in Sources */ = {isa = PBXBuildFile; fileRef = C4CCE1EA16742180008CA27A /* MagicalRecord+ErrorHandling.m */; };
		C4CCE20C16742180008CA27A /* MagicalRecord+iCloud.m in Sources */ = {isa = PBXBuildFile; fileRef = C4CCE1EC16742180008CA27A /* MagicalRecord+iCloud.m */; };
		C4CCE20D16742180008CA27A /* MagicalRecord+Options.m in Sources */ = {isa = PBXBuildFile; fileRef = C4CCE1EE16742180008CA27A /* MagicalRecord+Options.m */; };
		C4CCE20E16742180008CA27A /* MagicalRecord+Setup.m in Sources */ = {isa = PBXBuildFile; fileRef = C4CCE1F016742180008CA27A /* MagicalRecord+Setup.m */; };
		C4CCE20F16742180008CA27A /* MagicalRecord+ShorthandSupport.m in Sources */ = {isa = PBXBuildFile; fileRef = C4CCE1F216742180008CA27A /* MagicalRecord+ShorthandSupport.m */; };
		C4CCE21016742180008CA27A /* MagicalRecord.m in Sources */ = {isa = PBXBuildFile; fileRef = C4CCE1F416742180008CA27A /* MagicalRecord.m */; };
/* End PBXBuildFile section */

/* Begin PBXFileReference section */
		0426665B16700CB70059550E /* 1.png */ = {isa = PBXFileReference; lastKnownFileType = image.png; path = 1.png; sourceTree = "<group>"; };
		0426665E16701DDD0059550E /* Model.xcdatamodel */ = {isa = PBXFileReference; lastKnownFileType = wrapper.xcdatamodel; path = Model.xcdatamodel; sourceTree = "<group>"; };
		0426666016701EF20059550E /* Event.h */ = {isa = PBXFileReference; fileEncoding = 4; lastKnownFileType = sourcecode.c.h; path = Event.h; sourceTree = "<group>"; };
		0426666116701EF20059550E /* Event.m */ = {isa = PBXFileReference; fileEncoding = 4; lastKnownFileType = sourcecode.c.objc; path = Event.m; sourceTree = "<group>"; };
		042666B9167021F20059550E /* CoreData.framework */ = {isa = PBXFileReference; lastKnownFileType = wrapper.framework; name = CoreData.framework; path = System/Library/Frameworks/CoreData.framework; sourceTree = SDKROOT; };
		045DF1081667361100F1B7AB /* Photo.app */ = {isa = PBXFileReference; explicitFileType = wrapper.application; includeInIndex = 0; path = Photo.app; sourceTree = BUILT_PRODUCTS_DIR; };
		045DF10C1667361100F1B7AB /* UIKit.framework */ = {isa = PBXFileReference; lastKnownFileType = wrapper.framework; name = UIKit.framework; path = System/Library/Frameworks/UIKit.framework; sourceTree = SDKROOT; };
		045DF10E1667361100F1B7AB /* Foundation.framework */ = {isa = PBXFileReference; lastKnownFileType = wrapper.framework; name = Foundation.framework; path = System/Library/Frameworks/Foundation.framework; sourceTree = SDKROOT; };
		045DF1101667361100F1B7AB /* CoreGraphics.framework */ = {isa = PBXFileReference; lastKnownFileType = wrapper.framework; name = CoreGraphics.framework; path = System/Library/Frameworks/CoreGraphics.framework; sourceTree = SDKROOT; };
		045DF1141667361100F1B7AB /* Photo-Info.plist */ = {isa = PBXFileReference; lastKnownFileType = text.plist.xml; path = "Photo-Info.plist"; sourceTree = "<group>"; };
		045DF1161667361100F1B7AB /* en */ = {isa = PBXFileReference; lastKnownFileType = text.plist.strings; name = en; path = en.lproj/InfoPlist.strings; sourceTree = "<group>"; };
		045DF1181667361100F1B7AB /* main.m */ = {isa = PBXFileReference; lastKnownFileType = sourcecode.c.objc; path = main.m; sourceTree = "<group>"; };
		045DF11A1667361100F1B7AB /* Photo-Prefix.pch */ = {isa = PBXFileReference; lastKnownFileType = sourcecode.c.h; path = "Photo-Prefix.pch"; sourceTree = "<group>"; };
		045DF11B1667361100F1B7AB /* MINAppDelegate.h */ = {isa = PBXFileReference; lastKnownFileType = sourcecode.c.h; path = MINAppDelegate.h; sourceTree = "<group>"; };
		045DF11C1667361100F1B7AB /* MINAppDelegate.m */ = {isa = PBXFileReference; lastKnownFileType = sourcecode.c.objc; path = MINAppDelegate.m; sourceTree = "<group>"; };
		045DF11E1667361100F1B7AB /* Default.png */ = {isa = PBXFileReference; lastKnownFileType = image.png; path = Default.png; sourceTree = "<group>"; };
		045DF1201667361100F1B7AB /* Default@2x.png */ = {isa = PBXFileReference; lastKnownFileType = image.png; path = "Default@2x.png"; sourceTree = "<group>"; };
		045DF1221667361100F1B7AB /* Default-568h@2x.png */ = {isa = PBXFileReference; lastKnownFileType = image.png; path = "Default-568h@2x.png"; sourceTree = "<group>"; };
		045DF1241667361100F1B7AB /* MINFirstViewController.h */ = {isa = PBXFileReference; lastKnownFileType = sourcecode.c.h; path = MINFirstViewController.h; sourceTree = "<group>"; };
		045DF1251667361100F1B7AB /* MINFirstViewController.m */ = {isa = PBXFileReference; lastKnownFileType = sourcecode.c.objc; path = MINFirstViewController.m; sourceTree = "<group>"; };
		045DF1271667361100F1B7AB /* first.png */ = {isa = PBXFileReference; lastKnownFileType = image.png; path = first.png; sourceTree = "<group>"; };
		045DF1291667361200F1B7AB /* first@2x.png */ = {isa = PBXFileReference; lastKnownFileType = image.png; path = "first@2x.png"; sourceTree = "<group>"; };
		045DF12B1667361200F1B7AB /* MINSecondViewController.h */ = {isa = PBXFileReference; lastKnownFileType = sourcecode.c.h; path = MINSecondViewController.h; sourceTree = "<group>"; };
		045DF12C1667361200F1B7AB /* MINSecondViewController.m */ = {isa = PBXFileReference; lastKnownFileType = sourcecode.c.objc; path = MINSecondViewController.m; sourceTree = "<group>"; };
		045DF12E1667361200F1B7AB /* second.png */ = {isa = PBXFileReference; lastKnownFileType = image.png; path = second.png; sourceTree = "<group>"; };
		045DF1301667361200F1B7AB /* second@2x.png */ = {isa = PBXFileReference; lastKnownFileType = image.png; path = "second@2x.png"; sourceTree = "<group>"; };
		045DF1331667361200F1B7AB /* en */ = {isa = PBXFileReference; lastKnownFileType = file.xib; name = en; path = en.lproj/MINFirstViewController.xib; sourceTree = "<group>"; };
		045DF1361667361200F1B7AB /* en */ = {isa = PBXFileReference; lastKnownFileType = file.xib; name = en; path = en.lproj/MINSecondViewController.xib; sourceTree = "<group>"; };
		045DF13D1667363000F1B7AB /* MINThirdViewController.h */ = {isa = PBXFileReference; fileEncoding = 4; lastKnownFileType = sourcecode.c.h; path = MINThirdViewController.h; sourceTree = "<group>"; };
		045DF13E1667363000F1B7AB /* MINThirdViewController.m */ = {isa = PBXFileReference; fileEncoding = 4; lastKnownFileType = sourcecode.c.objc; path = MINThirdViewController.m; sourceTree = "<group>"; };
		045DF13F1667363000F1B7AB /* MINThirdViewController.xib */ = {isa = PBXFileReference; fileEncoding = 4; lastKnownFileType = file.xib; path = MINThirdViewController.xib; sourceTree = "<group>"; };
		045DF14616673B8400F1B7AB /* MINNewClassViewController.h */ = {isa = PBXFileReference; fileEncoding = 4; lastKnownFileType = sourcecode.c.h; path = MINNewClassViewController.h; sourceTree = "<group>"; };
		045DF14716673B8400F1B7AB /* MINNewClassViewController.m */ = {isa = PBXFileReference; fileEncoding = 4; lastKnownFileType = sourcecode.c.objc; path = MINNewClassViewController.m; sourceTree = "<group>"; };
		045DF14816673B8400F1B7AB /* MINNewClassViewController.xib */ = {isa = PBXFileReference; fileEncoding = 4; lastKnownFileType = file.xib; path = MINNewClassViewController.xib; sourceTree = "<group>"; };
		C4CCE1BE16742180008CA27A /* MagicalImportFunctions.h */ = {isa = PBXFileReference; fileEncoding = 4; lastKnownFileType = sourcecode.c.h; path = MagicalImportFunctions.h; sourceTree = "<group>"; };
		C4CCE1BF16742180008CA27A /* MagicalImportFunctions.m */ = {isa = PBXFileReference; fileEncoding = 4; lastKnownFileType = sourcecode.c.objc; path = MagicalImportFunctions.m; sourceTree = "<group>"; };
		C4CCE1C016742180008CA27A /* NSAttributeDescription+MagicalDataImport.h */ = {isa = PBXFileReference; fileEncoding = 4; lastKnownFileType = sourcecode.c.h; path = "NSAttributeDescription+MagicalDataImport.h"; sourceTree = "<group>"; };
		C4CCE1C116742180008CA27A /* NSAttributeDescription+MagicalDataImport.m */ = {isa = PBXFileReference; fileEncoding = 4; lastKnownFileType = sourcecode.c.objc; path = "NSAttributeDescription+MagicalDataImport.m"; sourceTree = "<group>"; };
		C4CCE1C216742180008CA27A /* NSEntityDescription+MagicalDataImport.h */ = {isa = PBXFileReference; fileEncoding = 4; lastKnownFileType = sourcecode.c.h; path = "NSEntityDescription+MagicalDataImport.h"; sourceTree = "<group>"; };
		C4CCE1C316742180008CA27A /* NSEntityDescription+MagicalDataImport.m */ = {isa = PBXFileReference; fileEncoding = 4; lastKnownFileType = sourcecode.c.objc; path = "NSEntityDescription+MagicalDataImport.m"; sourceTree = "<group>"; };
		C4CCE1C416742180008CA27A /* NSNumber+MagicalDataImport.h */ = {isa = PBXFileReference; fileEncoding = 4; lastKnownFileType = sourcecode.c.h; path = "NSNumber+MagicalDataImport.h"; sourceTree = "<group>"; };
		C4CCE1C516742180008CA27A /* NSNumber+MagicalDataImport.m */ = {isa = PBXFileReference; fileEncoding = 4; lastKnownFileType = sourcecode.c.objc; path = "NSNumber+MagicalDataImport.m"; sourceTree = "<group>"; };
		C4CCE1C616742180008CA27A /* NSObject+MagicalDataImport.h */ = {isa = PBXFileReference; fileEncoding = 4; lastKnownFileType = sourcecode.c.h; path = "NSObject+MagicalDataImport.h"; sourceTree = "<group>"; };
		C4CCE1C716742180008CA27A /* NSObject+MagicalDataImport.m */ = {isa = PBXFileReference; fileEncoding = 4; lastKnownFileType = sourcecode.c.objc; path = "NSObject+MagicalDataImport.m"; sourceTree = "<group>"; };
		C4CCE1C816742180008CA27A /* NSRelationshipDescription+MagicalDataImport.h */ = {isa = PBXFileReference; fileEncoding = 4; lastKnownFileType = sourcecode.c.h; path = "NSRelationshipDescription+MagicalDataImport.h"; sourceTree = "<group>"; };
		C4CCE1C916742180008CA27A /* NSRelationshipDescription+MagicalDataImport.m */ = {isa = PBXFileReference; fileEncoding = 4; lastKnownFileType = sourcecode.c.objc; path = "NSRelationshipDescription+MagicalDataImport.m"; sourceTree = "<group>"; };
		C4CCE1CA16742180008CA27A /* NSString+MagicalDataImport.h */ = {isa = PBXFileReference; fileEncoding = 4; lastKnownFileType = sourcecode.c.h; path = "NSString+MagicalDataImport.h"; sourceTree = "<group>"; };
		C4CCE1CB16742180008CA27A /* NSString+MagicalDataImport.m */ = {isa = PBXFileReference; fileEncoding = 4; lastKnownFileType = sourcecode.c.objc; path = "NSString+MagicalDataImport.m"; sourceTree = "<group>"; };
		C4CCE1CD16742180008CA27A /* NSManagedObject+MagicalAggregation.h */ = {isa = PBXFileReference; fileEncoding = 4; lastKnownFileType = sourcecode.c.h; path = "NSManagedObject+MagicalAggregation.h"; sourceTree = "<group>"; };
		C4CCE1CE16742180008CA27A /* NSManagedObject+MagicalAggregation.m */ = {isa = PBXFileReference; fileEncoding = 4; lastKnownFileType = sourcecode.c.objc; path = "NSManagedObject+MagicalAggregation.m"; sourceTree = "<group>"; };
		C4CCE1CF16742180008CA27A /* NSManagedObject+MagicalDataImport.h */ = {isa = PBXFileReference; fileEncoding = 4; lastKnownFileType = sourcecode.c.h; path = "NSManagedObject+MagicalDataImport.h"; sourceTree = "<group>"; };
		C4CCE1D016742180008CA27A /* NSManagedObject+MagicalDataImport.m */ = {isa = PBXFileReference; fileEncoding = 4; lastKnownFileType = sourcecode.c.objc; path = "NSManagedObject+MagicalDataImport.m"; sourceTree = "<group>"; };
		C4CCE1D116742180008CA27A /* NSManagedObject+MagicalFinders.h */ = {isa = PBXFileReference; fileEncoding = 4; lastKnownFileType = sourcecode.c.h; path = "NSManagedObject+MagicalFinders.h"; sourceTree = "<group>"; };
		C4CCE1D216742180008CA27A /* NSManagedObject+MagicalFinders.m */ = {isa = PBXFileReference; fileEncoding = 4; lastKnownFileType = sourcecode.c.objc; path = "NSManagedObject+MagicalFinders.m"; sourceTree = "<group>"; };
		C4CCE1D316742180008CA27A /* NSManagedObject+MagicalRecord.h */ = {isa = PBXFileReference; fileEncoding = 4; lastKnownFileType = sourcecode.c.h; path = "NSManagedObject+MagicalRecord.h"; sourceTree = "<group>"; };
		C4CCE1D416742180008CA27A /* NSManagedObject+MagicalRecord.m */ = {isa = PBXFileReference; fileEncoding = 4; lastKnownFileType = sourcecode.c.objc; path = "NSManagedObject+MagicalRecord.m"; sourceTree = "<group>"; };
		C4CCE1D516742180008CA27A /* NSManagedObject+MagicalRequests.h */ = {isa = PBXFileReference; fileEncoding = 4; lastKnownFileType = sourcecode.c.h; path = "NSManagedObject+MagicalRequests.h"; sourceTree = "<group>"; };
		C4CCE1D616742180008CA27A /* NSManagedObject+MagicalRequests.m */ = {isa = PBXFileReference; fileEncoding = 4; lastKnownFileType = sourcecode.c.objc; path = "NSManagedObject+MagicalRequests.m"; sourceTree = "<group>"; };
		C4CCE1D816742180008CA27A /* NSManagedObjectContext+MagicalObserving.h */ = {isa = PBXFileReference; fileEncoding = 4; lastKnownFileType = sourcecode.c.h; path = "NSManagedObjectContext+MagicalObserving.h"; sourceTree = "<group>"; };
		C4CCE1D916742180008CA27A /* NSManagedObjectContext+MagicalObserving.m */ = {isa = PBXFileReference; fileEncoding = 4; lastKnownFileType = sourcecode.c.objc; path = "NSManagedObjectContext+MagicalObserving.m"; sourceTree = "<group>"; };
		C4CCE1DA16742180008CA27A /* NSManagedObjectContext+MagicalRecord.h */ = {isa = PBXFileReference; fileEncoding = 4; lastKnownFileType = sourcecode.c.h; path = "NSManagedObjectContext+MagicalRecord.h"; sourceTree = "<group>"; };
		C4CCE1DB16742180008CA27A /* NSManagedObjectContext+MagicalRecord.m */ = {isa = PBXFileReference; fileEncoding = 4; lastKnownFileType = sourcecode.c.objc; path = "NSManagedObjectContext+MagicalRecord.m"; sourceTree = "<group>"; };
		C4CCE1DC16742180008CA27A /* NSManagedObjectContext+MagicalSaves.h */ = {isa = PBXFileReference; fileEncoding = 4; lastKnownFileType = sourcecode.c.h; path = "NSManagedObjectContext+MagicalSaves.h"; sourceTree = "<group>"; };
		C4CCE1DD16742180008CA27A /* NSManagedObjectContext+MagicalSaves.m */ = {isa = PBXFileReference; fileEncoding = 4; lastKnownFileType = sourcecode.c.objc; path = "NSManagedObjectContext+MagicalSaves.m"; sourceTree = "<group>"; };
		C4CCE1DE16742180008CA27A /* NSManagedObjectContext+MagicalThreading.h */ = {isa = PBXFileReference; fileEncoding = 4; lastKnownFileType = sourcecode.c.h; path = "NSManagedObjectContext+MagicalThreading.h"; sourceTree = "<group>"; };
		C4CCE1DF16742180008CA27A /* NSManagedObjectContext+MagicalThreading.m */ = {isa = PBXFileReference; fileEncoding = 4; lastKnownFileType = sourcecode.c.objc; path = "NSManagedObjectContext+MagicalThreading.m"; sourceTree = "<group>"; };
		C4CCE1E016742180008CA27A /* NSManagedObjectModel+MagicalRecord.h */ = {isa = PBXFileReference; fileEncoding = 4; lastKnownFileType = sourcecode.c.h; path = "NSManagedObjectModel+MagicalRecord.h"; sourceTree = "<group>"; };
		C4CCE1E116742180008CA27A /* NSManagedObjectModel+MagicalRecord.m */ = {isa = PBXFileReference; fileEncoding = 4; lastKnownFileType = sourcecode.c.objc; path = "NSManagedObjectModel+MagicalRecord.m"; sourceTree = "<group>"; };
		C4CCE1E216742180008CA27A /* NSPersistentStore+MagicalRecord.h */ = {isa = PBXFileReference; fileEncoding = 4; lastKnownFileType = sourcecode.c.h; path = "NSPersistentStore+MagicalRecord.h"; sourceTree = "<group>"; };
		C4CCE1E316742180008CA27A /* NSPersistentStore+MagicalRecord.m */ = {isa = PBXFileReference; fileEncoding = 4; lastKnownFileType = sourcecode.c.objc; path = "NSPersistentStore+MagicalRecord.m"; sourceTree = "<group>"; };
		C4CCE1E416742180008CA27A /* NSPersistentStoreCoordinator+MagicalRecord.h */ = {isa = PBXFileReference; fileEncoding = 4; lastKnownFileType = sourcecode.c.h; path = "NSPersistentStoreCoordinator+MagicalRecord.h"; sourceTree = "<group>"; };
		C4CCE1E516742180008CA27A /* NSPersistentStoreCoordinator+MagicalRecord.m */ = {isa = PBXFileReference; fileEncoding = 4; lastKnownFileType = sourcecode.c.objc; path = "NSPersistentStoreCoordinator+MagicalRecord.m"; sourceTree = "<group>"; };
		C4CCE1E716742180008CA27A /* MagicalRecord+Actions.h */ = {isa = PBXFileReference; fileEncoding = 4; lastKnownFileType = sourcecode.c.h; path = "MagicalRecord+Actions.h"; sourceTree = "<group>"; };
		C4CCE1E816742180008CA27A /* MagicalRecord+Actions.m */ = {isa = PBXFileReference; fileEncoding = 4; lastKnownFileType = sourcecode.c.objc; path = "MagicalRecord+Actions.m"; sourceTree = "<group>"; };
		C4CCE1E916742180008CA27A /* MagicalRecord+ErrorHandling.h */ = {isa = PBXFileReference; fileEncoding = 4; lastKnownFileType = sourcecode.c.h; path = "MagicalRecord+ErrorHandling.h"; sourceTree = "<group>"; };
		C4CCE1EA16742180008CA27A /* MagicalRecord+ErrorHandling.m */ = {isa = PBXFileReference; fileEncoding = 4; lastKnownFileType = sourcecode.c.objc; path = "MagicalRecord+ErrorHandling.m"; sourceTree = "<group>"; };
		C4CCE1EB16742180008CA27A /* MagicalRecord+iCloud.h */ = {isa = PBXFileReference; fileEncoding = 4; lastKnownFileType = sourcecode.c.h; path = "MagicalRecord+iCloud.h"; sourceTree = "<group>"; };
		C4CCE1EC16742180008CA27A /* MagicalRecord+iCloud.m */ = {isa = PBXFileReference; fileEncoding = 4; lastKnownFileType = sourcecode.c.objc; path = "MagicalRecord+iCloud.m"; sourceTree = "<group>"; };
		C4CCE1ED16742180008CA27A /* MagicalRecord+Options.h */ = {isa = PBXFileReference; fileEncoding = 4; lastKnownFileType = sourcecode.c.h; path = "MagicalRecord+Options.h"; sourceTree = "<group>"; };
		C4CCE1EE16742180008CA27A /* MagicalRecord+Options.m */ = {isa = PBXFileReference; fileEncoding = 4; lastKnownFileType = sourcecode.c.objc; path = "MagicalRecord+Options.m"; sourceTree = "<group>"; };
		C4CCE1EF16742180008CA27A /* MagicalRecord+Setup.h */ = {isa = PBXFileReference; fileEncoding = 4; lastKnownFileType = sourcecode.c.h; path = "MagicalRecord+Setup.h"; sourceTree = "<group>"; };
		C4CCE1F016742180008CA27A /* MagicalRecord+Setup.m */ = {isa = PBXFileReference; fileEncoding = 4; lastKnownFileType = sourcecode.c.objc; path = "MagicalRecord+Setup.m"; sourceTree = "<group>"; };
		C4CCE1F116742180008CA27A /* MagicalRecord+ShorthandSupport.h */ = {isa = PBXFileReference; fileEncoding = 4; lastKnownFileType = sourcecode.c.h; path = "MagicalRecord+ShorthandSupport.h"; sourceTree = "<group>"; };
		C4CCE1F216742180008CA27A /* MagicalRecord+ShorthandSupport.m */ = {isa = PBXFileReference; fileEncoding = 4; lastKnownFileType = sourcecode.c.objc; path = "MagicalRecord+ShorthandSupport.m"; sourceTree = "<group>"; };
		C4CCE1F316742180008CA27A /* MagicalRecord.h */ = {isa = PBXFileReference; fileEncoding = 4; lastKnownFileType = sourcecode.c.h; path = MagicalRecord.h; sourceTree = "<group>"; };
		C4CCE1F416742180008CA27A /* MagicalRecord.m */ = {isa = PBXFileReference; fileEncoding = 4; lastKnownFileType = sourcecode.c.objc; path = MagicalRecord.m; sourceTree = "<group>"; };
		C4CCE1F516742180008CA27A /* MagicalRecordShorthand.h */ = {isa = PBXFileReference; fileEncoding = 4; lastKnownFileType = sourcecode.c.h; path = MagicalRecordShorthand.h; sourceTree = "<group>"; };
		C4CCE1F616742180008CA27A /* CoreData+MagicalRecord.h */ = {isa = PBXFileReference; fileEncoding = 4; lastKnownFileType = sourcecode.c.h; path = "CoreData+MagicalRecord.h"; sourceTree = "<group>"; };
/* End PBXFileReference section */

/* Begin PBXFrameworksBuildPhase section */
		045DF1051667361100F1B7AB /* Frameworks */ = {
			isa = PBXFrameworksBuildPhase;
			buildActionMask = 2147483647;
			files = (
				042666BA167021F20059550E /* CoreData.framework in Frameworks */,
				045DF10D1667361100F1B7AB /* UIKit.framework in Frameworks */,
				045DF10F1667361100F1B7AB /* Foundation.framework in Frameworks */,
				045DF1111667361100F1B7AB /* CoreGraphics.framework in Frameworks */,
			);
			runOnlyForDeploymentPostprocessing = 0;
		};
/* End PBXFrameworksBuildPhase section */

/* Begin PBXGroup section */
		045DF0FD1667361100F1B7AB = {
			isa = PBXGroup;
			children = (
				045DF1121667361100F1B7AB /* Photo */,
				045DF10B1667361100F1B7AB /* Frameworks */,
				045DF1091667361100F1B7AB /* Products */,
			);
			sourceTree = "<group>";
		};
		045DF1091667361100F1B7AB /* Products */ = {
			isa = PBXGroup;
			children = (
				045DF1081667361100F1B7AB /* Photo.app */,
			);
			name = Products;
			sourceTree = "<group>";
		};
		045DF10B1667361100F1B7AB /* Frameworks */ = {
			isa = PBXGroup;
			children = (
				042666B9167021F20059550E /* CoreData.framework */,
				045DF10C1667361100F1B7AB /* UIKit.framework */,
				045DF10E1667361100F1B7AB /* Foundation.framework */,
				045DF1101667361100F1B7AB /* CoreGraphics.framework */,
			);
			name = Frameworks;
			sourceTree = "<group>";
		};
		045DF1121667361100F1B7AB /* Photo */ = {
			isa = PBXGroup;
			children = (
				045DF11B1667361100F1B7AB /* MINAppDelegate.h */,
				045DF11C1667361100F1B7AB /* MINAppDelegate.m */,
				045DF1241667361100F1B7AB /* MINFirstViewController.h */,
				045DF1251667361100F1B7AB /* MINFirstViewController.m */,
				045DF1321667361200F1B7AB /* MINFirstViewController.xib */,
				045DF1271667361100F1B7AB /* first.png */,
				045DF1291667361200F1B7AB /* first@2x.png */,
				045DF12B1667361200F1B7AB /* MINSecondViewController.h */,
				045DF12C1667361200F1B7AB /* MINSecondViewController.m */,
				045DF1351667361200F1B7AB /* MINSecondViewController.xib */,
				045DF12E1667361200F1B7AB /* second.png */,
				045DF1301667361200F1B7AB /* second@2x.png */,
				045DF13D1667363000F1B7AB /* MINThirdViewController.h */,
				045DF13E1667363000F1B7AB /* MINThirdViewController.m */,
				045DF13F1667363000F1B7AB /* MINThirdViewController.xib */,
				045DF14616673B8400F1B7AB /* MINNewClassViewController.h */,
				045DF14716673B8400F1B7AB /* MINNewClassViewController.m */,
				045DF14816673B8400F1B7AB /* MINNewClassViewController.xib */,
				045DF14B1669726000F1B7AB /* Model */,
				045DF1131667361100F1B7AB /* Supporting Files */,
			);
			path = Photo;
			sourceTree = "<group>";
		};
		045DF1131667361100F1B7AB /* Supporting Files */ = {
			isa = PBXGroup;
			children = (
				0426665B16700CB70059550E /* 1.png */,
				C4CCE1BB16742180008CA27A /* MagicalRecord */,
				045DF1141667361100F1B7AB /* Photo-Info.plist */,
				045DF1151667361100F1B7AB /* InfoPlist.strings */,
				045DF1181667361100F1B7AB /* main.m */,
				045DF11A1667361100F1B7AB /* Photo-Prefix.pch */,
				045DF11E1667361100F1B7AB /* Default.png */,
				045DF1201667361100F1B7AB /* Default@2x.png */,
				045DF1221667361100F1B7AB /* Default-568h@2x.png */,
			);
			name = "Supporting Files";
			sourceTree = "<group>";
		};
		045DF14B1669726000F1B7AB /* Model */ = {
			isa = PBXGroup;
			children = (
				0426665D16701DDD0059550E /* Model.xcdatamodeld */,
				0426666016701EF20059550E /* Event.h */,
				0426666116701EF20059550E /* Event.m */,
			);
			name = Model;
			sourceTree = "<group>";
		};
		C4CCE1BB16742180008CA27A /* MagicalRecord */ = {
			isa = PBXGroup;
			children = (
				C4CCE1BC16742180008CA27A /* Categories */,
				C4CCE1E616742180008CA27A /* Core */,
				C4CCE1F616742180008CA27A /* CoreData+MagicalRecord.h */,
			);
			path = MagicalRecord;
			sourceTree = "<group>";
		};
		C4CCE1BC16742180008CA27A /* Categories */ = {
			isa = PBXGroup;
			children = (
				C4CCE1BD16742180008CA27A /* DataImport */,
				C4CCE1CC16742180008CA27A /* NSManagedObject */,
				C4CCE1D716742180008CA27A /* NSManagedObjectContext */,
				C4CCE1E016742180008CA27A /* NSManagedObjectModel+MagicalRecord.h */,
				C4CCE1E116742180008CA27A /* NSManagedObjectModel+MagicalRecord.m */,
				C4CCE1E216742180008CA27A /* NSPersistentStore+MagicalRecord.h */,
				C4CCE1E316742180008CA27A /* NSPersistentStore+MagicalRecord.m */,
				C4CCE1E416742180008CA27A /* NSPersistentStoreCoordinator+MagicalRecord.h */,
				C4CCE1E516742180008CA27A /* NSPersistentStoreCoordinator+MagicalRecord.m */,
			);
			path = Categories;
			sourceTree = "<group>";
		};
		C4CCE1BD16742180008CA27A /* DataImport */ = {
			isa = PBXGroup;
			children = (
				C4CCE1BE16742180008CA27A /* MagicalImportFunctions.h */,
				C4CCE1BF16742180008CA27A /* MagicalImportFunctions.m */,
				C4CCE1C016742180008CA27A /* NSAttributeDescription+MagicalDataImport.h */,
				C4CCE1C116742180008CA27A /* NSAttributeDescription+MagicalDataImport.m */,
				C4CCE1C216742180008CA27A /* NSEntityDescription+MagicalDataImport.h */,
				C4CCE1C316742180008CA27A /* NSEntityDescription+MagicalDataImport.m */,
				C4CCE1C416742180008CA27A /* NSNumber+MagicalDataImport.h */,
				C4CCE1C516742180008CA27A /* NSNumber+MagicalDataImport.m */,
				C4CCE1C616742180008CA27A /* NSObject+MagicalDataImport.h */,
				C4CCE1C716742180008CA27A /* NSObject+MagicalDataImport.m */,
				C4CCE1C816742180008CA27A /* NSRelationshipDescription+MagicalDataImport.h */,
				C4CCE1C916742180008CA27A /* NSRelationshipDescription+MagicalDataImport.m */,
				C4CCE1CA16742180008CA27A /* NSString+MagicalDataImport.h */,
				C4CCE1CB16742180008CA27A /* NSString+MagicalDataImport.m */,
			);
			path = DataImport;
			sourceTree = "<group>";
		};
		C4CCE1CC16742180008CA27A /* NSManagedObject */ = {
			isa = PBXGroup;
			children = (
				C4CCE1CD16742180008CA27A /* NSManagedObject+MagicalAggregation.h */,
				C4CCE1CE16742180008CA27A /* NSManagedObject+MagicalAggregation.m */,
				C4CCE1CF16742180008CA27A /* NSManagedObject+MagicalDataImport.h */,
				C4CCE1D016742180008CA27A /* NSManagedObject+MagicalDataImport.m */,
				C4CCE1D116742180008CA27A /* NSManagedObject+MagicalFinders.h */,
				C4CCE1D216742180008CA27A /* NSManagedObject+MagicalFinders.m */,
				C4CCE1D316742180008CA27A /* NSManagedObject+MagicalRecord.h */,
				C4CCE1D416742180008CA27A /* NSManagedObject+MagicalRecord.m */,
				C4CCE1D516742180008CA27A /* NSManagedObject+MagicalRequests.h */,
				C4CCE1D616742180008CA27A /* NSManagedObject+MagicalRequests.m */,
			);
			path = NSManagedObject;
			sourceTree = "<group>";
		};
		C4CCE1D716742180008CA27A /* NSManagedObjectContext */ = {
			isa = PBXGroup;
			children = (
				C4CCE1D816742180008CA27A /* NSManagedObjectContext+MagicalObserving.h */,
				C4CCE1D916742180008CA27A /* NSManagedObjectContext+MagicalObserving.m */,
				C4CCE1DA16742180008CA27A /* NSManagedObjectContext+MagicalRecord.h */,
				C4CCE1DB16742180008CA27A /* NSManagedObjectContext+MagicalRecord.m */,
				C4CCE1DC16742180008CA27A /* NSManagedObjectContext+MagicalSaves.h */,
				C4CCE1DD16742180008CA27A /* NSManagedObjectContext+MagicalSaves.m */,
				C4CCE1DE16742180008CA27A /* NSManagedObjectContext+MagicalThreading.h */,
				C4CCE1DF16742180008CA27A /* NSManagedObjectContext+MagicalThreading.m */,
			);
			path = NSManagedObjectContext;
			sourceTree = "<group>";
		};
		C4CCE1E616742180008CA27A /* Core */ = {
			isa = PBXGroup;
			children = (
				C4CCE1E716742180008CA27A /* MagicalRecord+Actions.h */,
				C4CCE1E816742180008CA27A /* MagicalRecord+Actions.m */,
				C4CCE1E916742180008CA27A /* MagicalRecord+ErrorHandling.h */,
				C4CCE1EA16742180008CA27A /* MagicalRecord+ErrorHandling.m */,
				C4CCE1EB16742180008CA27A /* MagicalRecord+iCloud.h */,
				C4CCE1EC16742180008CA27A /* MagicalRecord+iCloud.m */,
				C4CCE1ED16742180008CA27A /* MagicalRecord+Options.h */,
				C4CCE1EE16742180008CA27A /* MagicalRecord+Options.m */,
				C4CCE1EF16742180008CA27A /* MagicalRecord+Setup.h */,
				C4CCE1F016742180008CA27A /* MagicalRecord+Setup.m */,
				C4CCE1F116742180008CA27A /* MagicalRecord+ShorthandSupport.h */,
				C4CCE1F216742180008CA27A /* MagicalRecord+ShorthandSupport.m */,
				C4CCE1F316742180008CA27A /* MagicalRecord.h */,
				C4CCE1F416742180008CA27A /* MagicalRecord.m */,
				C4CCE1F516742180008CA27A /* MagicalRecordShorthand.h */,
			);
			path = Core;
			sourceTree = "<group>";
		};
/* End PBXGroup section */

/* Begin PBXNativeTarget section */
		045DF1071667361100F1B7AB /* Photo */ = {
			isa = PBXNativeTarget;
			buildConfigurationList = 045DF13A1667361200F1B7AB /* Build configuration list for PBXNativeTarget "Photo" */;
			buildPhases = (
				045DF1041667361100F1B7AB /* Sources */,
				045DF1051667361100F1B7AB /* Frameworks */,
				045DF1061667361100F1B7AB /* Resources */,
			);
			buildRules = (
			);
			dependencies = (
			);
			name = Photo;
			productName = Photo;
			productReference = 045DF1081667361100F1B7AB /* Photo.app */;
			productType = "com.apple.product-type.application";
		};
/* End PBXNativeTarget section */

/* Begin PBXProject section */
		045DF0FF1667361100F1B7AB /* Project object */ = {
			isa = PBXProject;
			attributes = {
				CLASSPREFIX = MIN;
				LastUpgradeCheck = 0450;
				ORGANIZATIONNAME = Mac;
			};
			buildConfigurationList = 045DF1021667361100F1B7AB /* Build configuration list for PBXProject "Photo" */;
			compatibilityVersion = "Xcode 3.2";
			developmentRegion = English;
			hasScannedForEncodings = 0;
			knownRegions = (
				en,
			);
			mainGroup = 045DF0FD1667361100F1B7AB;
			productRefGroup = 045DF1091667361100F1B7AB /* Products */;
			projectDirPath = "";
			projectRoot = "";
			targets = (
				045DF1071667361100F1B7AB /* Photo */,
			);
		};
/* End PBXProject section */

/* Begin PBXResourcesBuildPhase section */
		045DF1061667361100F1B7AB /* Resources */ = {
			isa = PBXResourcesBuildPhase;
			buildActionMask = 2147483647;
			files = (
				045DF1171667361100F1B7AB /* InfoPlist.strings in Resources */,
				045DF11F1667361100F1B7AB /* Default.png in Resources */,
				045DF1211667361100F1B7AB /* Default@2x.png in Resources */,
				045DF1231667361100F1B7AB /* Default-568h@2x.png in Resources */,
				045DF1281667361100F1B7AB /* first.png in Resources */,
				045DF12A1667361200F1B7AB /* first@2x.png in Resources */,
				045DF12F1667361200F1B7AB /* second.png in Resources */,
				045DF1311667361200F1B7AB /* second@2x.png in Resources */,
				045DF1341667361200F1B7AB /* MINFirstViewController.xib in Resources */,
				045DF1371667361200F1B7AB /* MINSecondViewController.xib in Resources */,
				045DF1411667363000F1B7AB /* MINThirdViewController.xib in Resources */,
				045DF14A16673B8400F1B7AB /* MINNewClassViewController.xib in Resources */,
				0426665C16700CB70059550E /* 1.png in Resources */,
			);
			runOnlyForDeploymentPostprocessing = 0;
		};
/* End PBXResourcesBuildPhase section */

/* Begin PBXSourcesBuildPhase section */
		045DF1041667361100F1B7AB /* Sources */ = {
			isa = PBXSourcesBuildPhase;
			buildActionMask = 2147483647;
			files = (
				045DF1191667361100F1B7AB /* main.m in Sources */,
				045DF11D1667361100F1B7AB /* MINAppDelegate.m in Sources */,
				045DF1261667361100F1B7AB /* MINFirstViewController.m in Sources */,
				045DF12D1667361200F1B7AB /* MINSecondViewController.m in Sources */,
				045DF1401667363000F1B7AB /* MINThirdViewController.m in Sources */,
				045DF14916673B8400F1B7AB /* MINNewClassViewController.m in Sources */,
				0426665F16701DDD0059550E /* Model.xcdatamodeld in Sources */,
				0426666216701EF20059550E /* Event.m in Sources */,
				C4CCE1F716742180008CA27A /* MagicalImportFunctions.m in Sources */,
				C4CCE1F816742180008CA27A /* NSAttributeDescription+MagicalDataImport.m in Sources */,
				C4CCE1F916742180008CA27A /* NSEntityDescription+MagicalDataImport.m in Sources */,
				C4CCE1FA16742180008CA27A /* NSNumber+MagicalDataImport.m in Sources */,
				C4CCE1FB16742180008CA27A /* NSObject+MagicalDataImport.m in Sources */,
				C4CCE1FC16742180008CA27A /* NSRelationshipDescription+MagicalDataImport.m in Sources */,
				C4CCE1FD16742180008CA27A /* NSString+MagicalDataImport.m in Sources */,
				C4CCE1FE16742180008CA27A /* NSManagedObject+MagicalAggregation.m in Sources */,
				C4CCE1FF16742180008CA27A /* NSManagedObject+MagicalDataImport.m in Sources */,
				C4CCE20016742180008CA27A /* NSManagedObject+MagicalFinders.m in Sources */,
				C4CCE20116742180008CA27A /* NSManagedObject+MagicalRecord.m in Sources */,
				C4CCE20216742180008CA27A /* NSManagedObject+MagicalRequests.m in Sources */,
				C4CCE20316742180008CA27A /* NSManagedObjectContext+MagicalObserving.m in Sources */,
				C4CCE20416742180008CA27A /* NSManagedObjectContext+MagicalRecord.m in Sources */,
				C4CCE20516742180008CA27A /* NSManagedObjectContext+MagicalSaves.m in Sources */,
				C4CCE20616742180008CA27A /* NSManagedObjectContext+MagicalThreading.m in Sources */,
				C4CCE20716742180008CA27A /* NSManagedObjectModel+MagicalRecord.m in Sources */,
				C4CCE20816742180008CA27A /* NSPersistentStore+MagicalRecord.m in Sources */,
				C4CCE20916742180008CA27A /* NSPersistentStoreCoordinator+MagicalRecord.m in Sources */,
				C4CCE20A16742180008CA27A /* MagicalRecord+Actions.m in Sources */,
				C4CCE20B16742180008CA27A /* MagicalRecord+ErrorHandling.m in Sources */,
				C4CCE20C16742180008CA27A /* MagicalRecord+iCloud.m in Sources */,
				C4CCE20D16742180008CA27A /* MagicalRecord+Options.m in Sources */,
				C4CCE20E16742180008CA27A /* MagicalRecord+Setup.m in Sources */,
				C4CCE20F16742180008CA27A /* MagicalRecord+ShorthandSupport.m in Sources */,
				C4CCE21016742180008CA27A /* MagicalRecord.m in Sources */,
			);
			runOnlyForDeploymentPostprocessing = 0;
		};
/* End PBXSourcesBuildPhase section */

/* Begin PBXVariantGroup section */
		045DF1151667361100F1B7AB /* InfoPlist.strings */ = {
			isa = PBXVariantGroup;
			children = (
				045DF1161667361100F1B7AB /* en */,
			);
			name = InfoPlist.strings;
			sourceTree = "<group>";
		};
		045DF1321667361200F1B7AB /* MINFirstViewController.xib */ = {
			isa = PBXVariantGroup;
			children = (
				045DF1331667361200F1B7AB /* en */,
			);
			name = MINFirstViewController.xib;
			sourceTree = "<group>";
		};
		045DF1351667361200F1B7AB /* MINSecondViewController.xib */ = {
			isa = PBXVariantGroup;
			children = (
				045DF1361667361200F1B7AB /* en */,
			);
			name = MINSecondViewController.xib;
			sourceTree = "<group>";
		};
/* End PBXVariantGroup section */

/* Begin XCBuildConfiguration section */
		045DF1381667361200F1B7AB /* Debug */ = {
			isa = XCBuildConfiguration;
			buildSettings = {
				ALWAYS_SEARCH_USER_PATHS = NO;
				CLANG_CXX_LANGUAGE_STANDARD = "gnu++0x";
				CLANG_CXX_LIBRARY = "libc++";
				CLANG_ENABLE_OBJC_ARC = YES;
				CLANG_WARN_EMPTY_BODY = YES;
				CLANG_WARN__DUPLICATE_METHOD_MATCH = YES;
				"CODE_SIGN_IDENTITY[sdk=iphoneos*]" = "iPhone Developer";
				COPY_PHASE_STRIP = NO;
				GCC_C_LANGUAGE_STANDARD = gnu99;
				GCC_DYNAMIC_NO_PIC = NO;
				GCC_OPTIMIZATION_LEVEL = 0;
				GCC_PREPROCESSOR_DEFINITIONS = (
					"DEBUG=1",
					"$(inherited)",
				);
				GCC_SYMBOLS_PRIVATE_EXTERN = NO;
				GCC_WARN_ABOUT_RETURN_TYPE = YES;
				GCC_WARN_UNINITIALIZED_AUTOS = YES;
				GCC_WARN_UNUSED_VARIABLE = YES;
				IPHONEOS_DEPLOYMENT_TARGET = 6.0;
				ONLY_ACTIVE_ARCH = YES;
				SDKROOT = iphoneos;
			};
			name = Debug;
		};
		045DF1391667361200F1B7AB /* Release */ = {
			isa = XCBuildConfiguration;
			buildSettings = {
				ALWAYS_SEARCH_USER_PATHS = NO;
				CLANG_CXX_LANGUAGE_STANDARD = "gnu++0x";
				CLANG_CXX_LIBRARY = "libc++";
				CLANG_ENABLE_OBJC_ARC = YES;
				CLANG_WARN_EMPTY_BODY = YES;
				CLANG_WARN__DUPLICATE_METHOD_MATCH = YES;
				"CODE_SIGN_IDENTITY[sdk=iphoneos*]" = "iPhone Developer";
				COPY_PHASE_STRIP = YES;
				GCC_C_LANGUAGE_STANDARD = gnu99;
				GCC_WARN_ABOUT_RETURN_TYPE = YES;
				GCC_WARN_UNINITIALIZED_AUTOS = YES;
				GCC_WARN_UNUSED_VARIABLE = YES;
				IPHONEOS_DEPLOYMENT_TARGET = 6.0;
				OTHER_CFLAGS = "-DNS_BLOCK_ASSERTIONS=1";
				SDKROOT = iphoneos;
				VALIDATE_PRODUCT = YES;
			};
			name = Release;
		};
		045DF13B1667361200F1B7AB /* Debug */ = {
			isa = XCBuildConfiguration;
			buildSettings = {
				GCC_PRECOMPILE_PREFIX_HEADER = YES;
				GCC_PREFIX_HEADER = "Photo/Photo-Prefix.pch";
				INFOPLIST_FILE = "Photo/Photo-Info.plist";
				PRODUCT_NAME = "$(TARGET_NAME)";
				WRAPPER_EXTENSION = app;
			};
			name = Debug;
		};
		045DF13C1667361200F1B7AB /* Release */ = {
			isa = XCBuildConfiguration;
			buildSettings = {
				GCC_PRECOMPILE_PREFIX_HEADER = YES;
				GCC_PREFIX_HEADER = "Photo/Photo-Prefix.pch";
				INFOPLIST_FILE = "Photo/Photo-Info.plist";
				PRODUCT_NAME = "$(TARGET_NAME)";
				WRAPPER_EXTENSION = app;
			};
			name = Release;
		};
/* End XCBuildConfiguration section */

/* Begin XCConfigurationList section */
		045DF1021667361100F1B7AB /* Build configuration list for PBXProject "Photo" */ = {
			isa = XCConfigurationList;
			buildConfigurations = (
				045DF1381667361200F1B7AB /* Debug */,
				045DF1391667361200F1B7AB /* Release */,
			);
			defaultConfigurationIsVisible = 0;
			defaultConfigurationName = Release;
		};
		045DF13A1667361200F1B7AB /* Build configuration list for PBXNativeTarget "Photo" */ = {
			isa = XCConfigurationList;
			buildConfigurations = (
				045DF13B1667361200F1B7AB /* Debug */,
				045DF13C1667361200F1B7AB /* Release */,
			);
			defaultConfigurationIsVisible = 0;
			defaultConfigurationName = Release;
		};
/* End XCConfigurationList section */

/* Begin XCVersionGroup section */
		0426665D16701DDD0059550E /* Model.xcdatamodeld */ = {
			isa = XCVersionGroup;
			children = (
				0426665E16701DDD0059550E /* Model.xcdatamodel */,
			);
			currentVersion = 0426665E16701DDD0059550E /* Model.xcdatamodel */;
			path = Model.xcdatamodeld;
			sourceTree = "<group>";
			versionGroupType = wrapper.xcdatamodel;
		};
/* End XCVersionGroup section */
	};
	rootObject = 045DF0FF1667361100F1B7AB /* Project object */;
}
